
Microsoft Visual Studio Solution File, Format Version 12.00
# Visual Studio 15
VisualStudioVersion = 15.0.28010.2048
MinimumVisualStudioVersion = 10.0.40219.1
Project("{FAE04EC0-301F-11D3-BF4B-00C04F79EFBC}") = "Övning2", "Övning2\Övning2.csproj", "{0E0EFBDE-3C8A-4BCF-A277-34E8368732A3}"
EndProject
Global
	GlobalSection(SolutionConfigurationPlatforms) = preSolution
		Debug|Any CPU = Debug|Any CPU
		Release|Any CPU = Release|Any CPU
	EndGlobalSection
	GlobalSection(ProjectConfigurationPlatforms) = postSolution
		{0E0EFBDE-3C8A-4BCF-A277-34E8368732A3}.Debug|Any CPU.ActiveCfg = Debug|Any CPU
		{0E0EFBDE-3C8A-4BCF-A277-34E8368732A3}.Debug|Any CPU.Build.0 = Debug|Any CPU
		{0E0EFBDE-3C8A-4BCF-A277-34E8368732A3}.Release|Any CPU.ActiveCfg = Release|Any CPU
		{0E0EFBDE-3C8A-4BCF-A277-34E8368732A3}.Release|Any CPU.Build.0 = Release|Any CPU
	EndGlobalSection
	GlobalSection(SolutionProperties) = preSolution
		HideSolutionNode = FALSE
	EndGlobalSection
	GlobalSection(ExtensibilityGlobals) = postSolution
		SolutionGuid = {08A8E108-4B10-4ACE-82A6-E9FCE7DC3FB9}
	EndGlobalSection
EndGlobal
